# Code generated by scarb DO NOT EDIT.
version = 1

[[package]]
name = "beasts"
version = "0.1.0"
dependencies = [
 "combat",
]

[[package]]
name = "cc"
version = "0.1.0"
dependencies = [
 "beasts",
 "combat",
 "lootitems",
 "market",
 "obstacles",
 "pack",
]

[[package]]
name = "combat"
version = "0.1.0"

[[package]]
name = "lootitems"
version = "0.1.0"
dependencies = [
 "combat",
 "pack",
]

[[package]]
name = "market"
version = "0.1.0"
dependencies = [
 "combat",
 "lootitems",
]

[[package]]
name = "obstacles"
version = "0.1.0"
dependencies = [
 "combat",
]

[[package]]
name = "pack"
version = "0.1.0"
