# Code generated by scarb DO NOT EDIT.
version = 1

[[package]]
name = "beasts"
version = "0.1.0"
dependencies = [
 "combat",
]

[[package]]
name = "cc"
version = "0.1.0"
dependencies = [
 "beasts",
 "combat",
 "lootitems",
 "market",
 "obstacles",
 "pack",
]

[[package]]
name = "combat"
version = "0.1.0"

[[package]]
name = "game"
version = "0.1.0"
dependencies = [
 "cc",
 "lootitems",
 "market",
 "obstacles",
 "openzeppelin",
 "survivor",
]

[[package]]
name = "lootitems"
version = "0.1.0"
dependencies = [
 "combat",
 "pack",
]

[[package]]
name = "market"
version = "0.1.0"
dependencies = [
 "combat",
 "lootitems",
]

[[package]]
name = "obstacles"
version = "0.1.0"
dependencies = [
 "combat",
]

[[package]]
name = "openzeppelin"
version = "0.8.0-beta.0"
source = "git+https://github.com/OpenZeppelin/cairo-contracts#f3e2a5f0547a429c716f32471b06df729cbdfb9f"

[[package]]
name = "pack"
version = "0.1.0"

[[package]]
name = "survivor"
version = "0.1.0"
dependencies = [
 "beasts",
 "combat",
 "lootitems",
 "market",
 "obstacles",
 "pack",
]
